
Microsoft Visual Studio Solution File, Format Version 12.00
# Visual Studio Version 16
VisualStudioVersion = 16.0.32413.511
MinimumVisualStudioVersion = 10.0.40219.1
Project("{FAE04EC0-301F-11D3-BF4B-00C04F79EFBC}") = "AW_Academy_Week5_Miniprojekti_tiimi5", "AW_Academy_Week5_Miniprojekti_tiimi5\AW_Academy_Week5_Miniprojekti_tiimi5.csproj", "{C23801CD-F4F6-4684-A751-5055064B0560}"
EndProject
Global
	GlobalSection(SolutionConfigurationPlatforms) = preSolution
		Debug|Any CPU = Debug|Any CPU
		Release|Any CPU = Release|Any CPU
	EndGlobalSection
	GlobalSection(ProjectConfigurationPlatforms) = postSolution
		{C23801CD-F4F6-4684-A751-5055064B0560}.Debug|Any CPU.ActiveCfg = Debug|Any CPU
		{C23801CD-F4F6-4684-A751-5055064B0560}.Debug|Any CPU.Build.0 = Debug|Any CPU
		{C23801CD-F4F6-4684-A751-5055064B0560}.Release|Any CPU.ActiveCfg = Release|Any CPU
		{C23801CD-F4F6-4684-A751-5055064B0560}.Release|Any CPU.Build.0 = Release|Any CPU
	EndGlobalSection
	GlobalSection(SolutionProperties) = preSolution
		HideSolutionNode = FALSE
	EndGlobalSection
	GlobalSection(ExtensibilityGlobals) = postSolution
		SolutionGuid = {2065B26D-52AF-4E49-8B08-F4AC0964F050}
	EndGlobalSection
EndGlobal
